
Microsoft Visual Studio Solution File, Format Version 12.00
# Visual Studio Version 17
VisualStudioVersion = 17.6.33815.320
MinimumVisualStudioVersion = 10.0.40219.1
Project("{FAE04EC0-301F-11D3-BF4B-00C04F79EFBC}") = "Looping", "Looping.csproj", "{2FBC3A58-B131-46EA-A08A-9E9756FAC711}"
EndProject
Global
	GlobalSection(SolutionConfigurationPlatforms) = preSolution
		Debug|Any CPU = Debug|Any CPU
		Release|Any CPU = Release|Any CPU
	EndGlobalSection
	GlobalSection(ProjectConfigurationPlatforms) = postSolution
		{2FBC3A58-B131-46EA-A08A-9E9756FAC711}.Debug|Any CPU.ActiveCfg = Debug|Any CPU
		{2FBC3A58-B131-46EA-A08A-9E9756FAC711}.Debug|Any CPU.Build.0 = Debug|Any CPU
		{2FBC3A58-B131-46EA-A08A-9E9756FAC711}.Release|Any CPU.ActiveCfg = Release|Any CPU
		{2FBC3A58-B131-46EA-A08A-9E9756FAC711}.Release|Any CPU.Build.0 = Release|Any CPU
	EndGlobalSection
	GlobalSection(SolutionProperties) = preSolution
		HideSolutionNode = FALSE
	EndGlobalSection
	GlobalSection(ExtensibilityGlobals) = postSolution
		SolutionGuid = {8457F00A-728F-49B2-9CD7-6071B71171D2}
	EndGlobalSection
EndGlobal
